
Microsoft Visual Studio Solution File, Format Version 12.00
# Visual Studio Version 17
VisualStudioVersion = 17.9.34622.214
MinimumVisualStudioVersion = 10.0.40219.1
Project("{FAE04EC0-301F-11D3-BF4B-00C04F79EFBC}") = "WinForms_HelloWorld", "WinForms_HelloWorld.csproj", "{A46084E7-0D44-4B4B-B5C9-10E1773CF96E}"
EndProject
Global
	GlobalSection(SolutionConfigurationPlatforms) = preSolution
		Debug|Any CPU = Debug|Any CPU
		Release|Any CPU = Release|Any CPU
	EndGlobalSection
	GlobalSection(ProjectConfigurationPlatforms) = postSolution
		{A46084E7-0D44-4B4B-B5C9-10E1773CF96E}.Debug|Any CPU.ActiveCfg = Debug|Any CPU
		{A46084E7-0D44-4B4B-B5C9-10E1773CF96E}.Debug|Any CPU.Build.0 = Debug|Any CPU
		{A46084E7-0D44-4B4B-B5C9-10E1773CF96E}.Release|Any CPU.ActiveCfg = Release|Any CPU
		{A46084E7-0D44-4B4B-B5C9-10E1773CF96E}.Release|Any CPU.Build.0 = Release|Any CPU
	EndGlobalSection
	GlobalSection(SolutionProperties) = preSolution
		HideSolutionNode = FALSE
	EndGlobalSection
	GlobalSection(ExtensibilityGlobals) = postSolution
		SolutionGuid = {238482D3-0048-4D60-A3FF-E9423B325197}
	EndGlobalSection
EndGlobal
