
Microsoft Visual Studio Solution File, Format Version 12.00
# Visual Studio Version 17
VisualStudioVersion = 17.9.34622.214
MinimumVisualStudioVersion = 10.0.40219.1
Project("{8BC9CEB8-8B4A-11D0-8D11-00A0C91BC942}") = "week3", "week3.vcxproj", "{812A19D0-2C50-4F8C-848F-006ABBD48C67}"
EndProject
Global
	GlobalSection(SolutionConfigurationPlatforms) = preSolution
		Debug|x64 = Debug|x64
		Debug|x86 = Debug|x86
		Release|x64 = Release|x64
		Release|x86 = Release|x86
	EndGlobalSection
	GlobalSection(ProjectConfigurationPlatforms) = postSolution
		{812A19D0-2C50-4F8C-848F-006ABBD48C67}.Debug|x64.ActiveCfg = Debug|x64
		{812A19D0-2C50-4F8C-848F-006ABBD48C67}.Debug|x64.Build.0 = Debug|x64
		{812A19D0-2C50-4F8C-848F-006ABBD48C67}.Debug|x86.ActiveCfg = Debug|Win32
		{812A19D0-2C50-4F8C-848F-006ABBD48C67}.Debug|x86.Build.0 = Debug|Win32
		{812A19D0-2C50-4F8C-848F-006ABBD48C67}.Release|x64.ActiveCfg = Release|x64
		{812A19D0-2C50-4F8C-848F-006ABBD48C67}.Release|x64.Build.0 = Release|x64
		{812A19D0-2C50-4F8C-848F-006ABBD48C67}.Release|x86.ActiveCfg = Release|Win32
		{812A19D0-2C50-4F8C-848F-006ABBD48C67}.Release|x86.Build.0 = Release|Win32
	EndGlobalSection
	GlobalSection(SolutionProperties) = preSolution
		HideSolutionNode = FALSE
	EndGlobalSection
	GlobalSection(ExtensibilityGlobals) = postSolution
		SolutionGuid = {91A0B7C6-4D14-4AA9-A010-06CE4343E2F5}
	EndGlobalSection
EndGlobal
